
Microsoft Visual Studio Solution File, Format Version 12.00
# Visual Studio Version 16
VisualStudioVersion = 25.0.1704.2
MinimumVisualStudioVersion = 10.0.40219.1
Project("{FAE04EC0-301F-11D3-BF4B-00C04F79EFBC}") = "algoritmtask2", "algoritmtask2\algoritmtask2.csproj", "{7B6A1A3E-E7C9-4B4A-BF88-9F9636369DB8}"
EndProject
Global
	GlobalSection(SolutionConfigurationPlatforms) = preSolution
		Debug|Any CPU = Debug|Any CPU
		Release|Any CPU = Release|Any CPU
	EndGlobalSection
	GlobalSection(ProjectConfigurationPlatforms) = postSolution
		{7B6A1A3E-E7C9-4B4A-BF88-9F9636369DB8}.Debug|Any CPU.ActiveCfg = Debug|Any CPU
		{7B6A1A3E-E7C9-4B4A-BF88-9F9636369DB8}.Debug|Any CPU.Build.0 = Debug|Any CPU
		{7B6A1A3E-E7C9-4B4A-BF88-9F9636369DB8}.Release|Any CPU.ActiveCfg = Release|Any CPU
		{7B6A1A3E-E7C9-4B4A-BF88-9F9636369DB8}.Release|Any CPU.Build.0 = Release|Any CPU
	EndGlobalSection
	GlobalSection(SolutionProperties) = preSolution
		HideSolutionNode = FALSE
	EndGlobalSection
	GlobalSection(ExtensibilityGlobals) = postSolution
		SolutionGuid = {611DF06C-DB94-4FE2-A028-962D2629A001}
	EndGlobalSection
EndGlobal
